
Microsoft Visual Studio Solution File, Format Version 12.00
# Visual Studio Version 17
VisualStudioVersion = 17.0.31903.59
MinimumVisualStudioVersion = 10.0.40219.1
Project("{2150E333-8FDC-42A3-9474-1A3956D46DE8}") = "src", "src", "{827E0CD3-B72D-47B6-A68D-7590B98EB39B}"
EndProject
Project("{FAE04EC0-301F-11D3-BF4B-00C04F79EFBC}") = "PetOrg.Api", "src\PetOrg.Api\PetOrg.Api.csproj", "{C298C23E-4EEC-4166-A32F-DDA62986D7E2}"
EndProject
Project("{FAE04EC0-301F-11D3-BF4B-00C04F79EFBC}") = "PetOrg.Modules.Identity", "src\PetOrg.Modules.Identity\PetOrg.Modules.Identity.csproj", "{1E536C95-CC90-4641-ABDD-866A8B457339}"
EndProject
Project("{FAE04EC0-301F-11D3-BF4B-00C04F79EFBC}") = "PetOrg.Modules.Donors", "src\PetOrg.Modules.Donors\PetOrg.Modules.Donors.csproj", "{EB98A0B9-A839-4505-96C0-62BF52A54C9D}"
EndProject
Project("{FAE04EC0-301F-11D3-BF4B-00C04F79EFBC}") = "PetOrg.Modules.Donations", "src\PetOrg.Modules.Donations\PetOrg.Modules.Donations.csproj", "{623F1B42-1FDC-461C-BE18-A6BB7885BA0F}"
EndProject
Project("{FAE04EC0-301F-11D3-BF4B-00C04F79EFBC}") = "PetOrg.Modules.Reconciliation", "src\PetOrg.Modules.Reconciliation\PetOrg.Modules.Reconciliation.csproj", "{BD890B0A-2C86-483B-9A47-A1B1B5125443}"
EndProject
Project("{FAE04EC0-301F-11D3-BF4B-00C04F79EFBC}") = "PetOrg.Modules.Recurring", "src\PetOrg.Modules.Recurring\PetOrg.Modules.Recurring.csproj", "{3D2811A7-A5E5-461E-8D23-377033F5DF79}"
EndProject
Project("{FAE04EC0-301F-11D3-BF4B-00C04F79EFBC}") = "PetOrg.Modules.Consent", "src\PetOrg.Modules.Consent\PetOrg.Modules.Consent.csproj", "{870CB188-68FA-48DA-A225-1305EA75918B}"
EndProject
Project("{FAE04EC0-301F-11D3-BF4B-00C04F79EFBC}") = "PetOrg.Modules.Receipts", "src\PetOrg.Modules.Receipts\PetOrg.Modules.Receipts.csproj", "{D9A6BF20-C994-4DDD-8EDA-ED7577134B46}"
EndProject
Project("{FAE04EC0-301F-11D3-BF4B-00C04F79EFBC}") = "PetOrg.Modules.AnimalCases", "src\PetOrg.Modules.AnimalCases\PetOrg.Modules.AnimalCases.csproj", "{F5F19015-35BE-46CA-9E42-267D41AE0FEF}"
EndProject
Project("{FAE04EC0-301F-11D3-BF4B-00C04F79EFBC}") = "PetOrg.Infrastructure.Persistence", "src\PetOrg.Infrastructure.Persistence\PetOrg.Infrastructure.Persistence.csproj", "{2A761464-D532-4855-A7B0-0F85E483C23F}"
EndProject
Project("{2150E333-8FDC-42A3-9474-1A3956D46DE8}") = "tests", "tests", "{5F8A6078-7E7E-484F-9E3D-77E0E161D799}"
EndProject
Project("{FAE04EC0-301F-11D3-BF4B-00C04F79EFBC}") = "PetOrg.IntegrationTests", "tests\PetOrg.IntegrationTests\PetOrg.IntegrationTests.csproj", "{0B67D62C-4267-4E5C-88EF-744ADB34DF6F}"
EndProject
Project("{FAE04EC0-301F-11D3-BF4B-00C04F79EFBC}") = "PetOrg.UnitTests", "tests\PetOrg.UnitTests\PetOrg.UnitTests.csproj", "{5EED59D2-0085-4314-B7D6-B3ECF3174A51}"
EndProject
Global
	GlobalSection(SolutionConfigurationPlatforms) = preSolution
		Debug|Any CPU = Debug|Any CPU
		Debug|x64 = Debug|x64
		Debug|x86 = Debug|x86
		Release|Any CPU = Release|Any CPU
		Release|x64 = Release|x64
		Release|x86 = Release|x86
	EndGlobalSection
	GlobalSection(ProjectConfigurationPlatforms) = postSolution
		{C298C23E-4EEC-4166-A32F-DDA62986D7E2}.Debug|Any CPU.ActiveCfg = Debug|Any CPU
		{C298C23E-4EEC-4166-A32F-DDA62986D7E2}.Debug|Any CPU.Build.0 = Debug|Any CPU
		{C298C23E-4EEC-4166-A32F-DDA62986D7E2}.Debug|x64.ActiveCfg = Debug|Any CPU
		{C298C23E-4EEC-4166-A32F-DDA62986D7E2}.Debug|x64.Build.0 = Debug|Any CPU
		{C298C23E-4EEC-4166-A32F-DDA62986D7E2}.Debug|x86.ActiveCfg = Debug|Any CPU
		{C298C23E-4EEC-4166-A32F-DDA62986D7E2}.Debug|x86.Build.0 = Debug|Any CPU
		{C298C23E-4EEC-4166-A32F-DDA62986D7E2}.Release|Any CPU.ActiveCfg = Release|Any CPU
		{C298C23E-4EEC-4166-A32F-DDA62986D7E2}.Release|Any CPU.Build.0 = Release|Any CPU
		{C298C23E-4EEC-4166-A32F-DDA62986D7E2}.Release|x64.ActiveCfg = Release|Any CPU
		{C298C23E-4EEC-4166-A32F-DDA62986D7E2}.Release|x64.Build.0 = Release|Any CPU
		{C298C23E-4EEC-4166-A32F-DDA62986D7E2}.Release|x86.ActiveCfg = Release|Any CPU
		{C298C23E-4EEC-4166-A32F-DDA62986D7E2}.Release|x86.Build.0 = Release|Any CPU
		{1E536C95-CC90-4641-ABDD-866A8B457339}.Debug|Any CPU.ActiveCfg = Debug|Any CPU
		{1E536C95-CC90-4641-ABDD-866A8B457339}.Debug|Any CPU.Build.0 = Debug|Any CPU
		{1E536C95-CC90-4641-ABDD-866A8B457339}.Debug|x64.ActiveCfg = Debug|Any CPU
		{1E536C95-CC90-4641-ABDD-866A8B457339}.Debug|x64.Build.0 = Debug|Any CPU
		{1E536C95-CC90-4641-ABDD-866A8B457339}.Debug|x86.ActiveCfg = Debug|Any CPU
		{1E536C95-CC90-4641-ABDD-866A8B457339}.Debug|x86.Build.0 = Debug|Any CPU
		{1E536C95-CC90-4641-ABDD-866A8B457339}.Release|Any CPU.ActiveCfg = Release|Any CPU
		{1E536C95-CC90-4641-ABDD-866A8B457339}.Release|Any CPU.Build.0 = Release|Any CPU
		{1E536C95-CC90-4641-ABDD-866A8B457339}.Release|x64.ActiveCfg = Release|Any CPU
		{1E536C95-CC90-4641-ABDD-866A8B457339}.Release|x64.Build.0 = Release|Any CPU
		{1E536C95-CC90-4641-ABDD-866A8B457339}.Release|x86.ActiveCfg = Release|Any CPU
		{1E536C95-CC90-4641-ABDD-866A8B457339}.Release|x86.Build.0 = Release|Any CPU
		{EB98A0B9-A839-4505-96C0-62BF52A54C9D}.Debug|Any CPU.ActiveCfg = Debug|Any CPU
		{EB98A0B9-A839-4505-96C0-62BF52A54C9D}.Debug|Any CPU.Build.0 = Debug|Any CPU
		{EB98A0B9-A839-4505-96C0-62BF52A54C9D}.Debug|x64.ActiveCfg = Debug|Any CPU
		{EB98A0B9-A839-4505-96C0-62BF52A54C9D}.Debug|x64.Build.0 = Debug|Any CPU
		{EB98A0B9-A839-4505-96C0-62BF52A54C9D}.Debug|x86.ActiveCfg = Debug|Any CPU
		{EB98A0B9-A839-4505-96C0-62BF52A54C9D}.Debug|x86.Build.0 = Debug|Any CPU
		{EB98A0B9-A839-4505-96C0-62BF52A54C9D}.Release|Any CPU.ActiveCfg = Release|Any CPU
		{EB98A0B9-A839-4505-96C0-62BF52A54C9D}.Release|Any CPU.Build.0 = Release|Any CPU
		{EB98A0B9-A839-4505-96C0-62BF52A54C9D}.Release|x64.ActiveCfg = Release|Any CPU
		{EB98A0B9-A839-4505-96C0-62BF52A54C9D}.Release|x64.Build.0 = Release|Any CPU
		{EB98A0B9-A839-4505-96C0-62BF52A54C9D}.Release|x86.ActiveCfg = Release|Any CPU
		{EB98A0B9-A839-4505-96C0-62BF52A54C9D}.Release|x86.Build.0 = Release|Any CPU
		{623F1B42-1FDC-461C-BE18-A6BB7885BA0F}.Debug|Any CPU.ActiveCfg = Debug|Any CPU
		{623F1B42-1FDC-461C-BE18-A6BB7885BA0F}.Debug|Any CPU.Build.0 = Debug|Any CPU
		{623F1B42-1FDC-461C-BE18-A6BB7885BA0F}.Debug|x64.ActiveCfg = Debug|Any CPU
		{623F1B42-1FDC-461C-BE18-A6BB7885BA0F}.Debug|x64.Build.0 = Debug|Any CPU
		{623F1B42-1FDC-461C-BE18-A6BB7885BA0F}.Debug|x86.ActiveCfg = Debug|Any CPU
		{623F1B42-1FDC-461C-BE18-A6BB7885BA0F}.Debug|x86.Build.0 = Debug|Any CPU
		{623F1B42-1FDC-461C-BE18-A6BB7885BA0F}.Release|Any CPU.ActiveCfg = Release|Any CPU
		{623F1B42-1FDC-461C-BE18-A6BB7885BA0F}.Release|Any CPU.Build.0 = Release|Any CPU
		{623F1B42-1FDC-461C-BE18-A6BB7885BA0F}.Release|x64.ActiveCfg = Release|Any CPU
		{623F1B42-1FDC-461C-BE18-A6BB7885BA0F}.Release|x64.Build.0 = Release|Any CPU
		{623F1B42-1FDC-461C-BE18-A6BB7885BA0F}.Release|x86.ActiveCfg = Release|Any CPU
		{623F1B42-1FDC-461C-BE18-A6BB7885BA0F}.Release|x86.Build.0 = Release|Any CPU
		{BD890B0A-2C86-483B-9A47-A1B1B5125443}.Debug|Any CPU.ActiveCfg = Debug|Any CPU
		{BD890B0A-2C86-483B-9A47-A1B1B5125443}.Debug|Any CPU.Build.0 = Debug|Any CPU
		{BD890B0A-2C86-483B-9A47-A1B1B5125443}.Debug|x64.ActiveCfg = Debug|Any CPU
		{BD890B0A-2C86-483B-9A47-A1B1B5125443}.Debug|x64.Build.0 = Debug|Any CPU
		{BD890B0A-2C86-483B-9A47-A1B1B5125443}.Debug|x86.ActiveCfg = Debug|Any CPU
		{BD890B0A-2C86-483B-9A47-A1B1B5125443}.Debug|x86.Build.0 = Debug|Any CPU
		{BD890B0A-2C86-483B-9A47-A1B1B5125443}.Release|Any CPU.ActiveCfg = Release|Any CPU
		{BD890B0A-2C86-483B-9A47-A1B1B5125443}.Release|Any CPU.Build.0 = Release|Any CPU
		{BD890B0A-2C86-483B-9A47-A1B1B5125443}.Release|x64.ActiveCfg = Release|Any CPU
		{BD890B0A-2C86-483B-9A47-A1B1B5125443}.Release|x64.Build.0 = Release|Any CPU
		{BD890B0A-2C86-483B-9A47-A1B1B5125443}.Release|x86.ActiveCfg = Release|Any CPU
		{BD890B0A-2C86-483B-9A47-A1B1B5125443}.Release|x86.Build.0 = Release|Any CPU
		{3D2811A7-A5E5-461E-8D23-377033F5DF79}.Debug|Any CPU.ActiveCfg = Debug|Any CPU
		{3D2811A7-A5E5-461E-8D23-377033F5DF79}.Debug|Any CPU.Build.0 = Debug|Any CPU
		{3D2811A7-A5E5-461E-8D23-377033F5DF79}.Debug|x64.ActiveCfg = Debug|Any CPU
		{3D2811A7-A5E5-461E-8D23-377033F5DF79}.Debug|x64.Build.0 = Debug|Any CPU
		{3D2811A7-A5E5-461E-8D23-377033F5DF79}.Debug|x86.ActiveCfg = Debug|Any CPU
		{3D2811A7-A5E5-461E-8D23-377033F5DF79}.Debug|x86.Build.0 = Debug|Any CPU
		{3D2811A7-A5E5-461E-8D23-377033F5DF79}.Release|Any CPU.ActiveCfg = Release|Any CPU
		{3D2811A7-A5E5-461E-8D23-377033F5DF79}.Release|Any CPU.Build.0 = Release|Any CPU
		{3D2811A7-A5E5-461E-8D23-377033F5DF79}.Release|x64.ActiveCfg = Release|Any CPU
		{3D2811A7-A5E5-461E-8D23-377033F5DF79}.Release|x64.Build.0 = Release|Any CPU
		{3D2811A7-A5E5-461E-8D23-377033F5DF79}.Release|x86.ActiveCfg = Release|Any CPU
		{3D2811A7-A5E5-461E-8D23-377033F5DF79}.Release|x86.Build.0 = Release|Any CPU
		{870CB188-68FA-48DA-A225-1305EA75918B}.Debug|Any CPU.ActiveCfg = Debug|Any CPU
		{870CB188-68FA-48DA-A225-1305EA75918B}.Debug|Any CPU.Build.0 = Debug|Any CPU
		{870CB188-68FA-48DA-A225-1305EA75918B}.Debug|x64.ActiveCfg = Debug|Any CPU
		{870CB188-68FA-48DA-A225-1305EA75918B}.Debug|x64.Build.0 = Debug|Any CPU
		{870CB188-68FA-48DA-A225-1305EA75918B}.Debug|x86.ActiveCfg = Debug|Any CPU
		{870CB188-68FA-48DA-A225-1305EA75918B}.Debug|x86.Build.0 = Debug|Any CPU
		{870CB188-68FA-48DA-A225-1305EA75918B}.Release|Any CPU.ActiveCfg = Release|Any CPU
		{870CB188-68FA-48DA-A225-1305EA75918B}.Release|Any CPU.Build.0 = Release|Any CPU
		{870CB188-68FA-48DA-A225-1305EA75918B}.Release|x64.ActiveCfg = Release|Any CPU
		{870CB188-68FA-48DA-A225-1305EA75918B}.Release|x64.Build.0 = Release|Any CPU
		{870CB188-68FA-48DA-A225-1305EA75918B}.Release|x86.ActiveCfg = Release|Any CPU
		{870CB188-68FA-48DA-A225-1305EA75918B}.Release|x86.Build.0 = Release|Any CPU
		{D9A6BF20-C994-4DDD-8EDA-ED7577134B46}.Debug|Any CPU.ActiveCfg = Debug|Any CPU
		{D9A6BF20-C994-4DDD-8EDA-ED7577134B46}.Debug|Any CPU.Build.0 = Debug|Any CPU
		{D9A6BF20-C994-4DDD-8EDA-ED7577134B46}.Debug|x64.ActiveCfg = Debug|Any CPU
		{D9A6BF20-C994-4DDD-8EDA-ED7577134B46}.Debug|x64.Build.0 = Debug|Any CPU
		{D9A6BF20-C994-4DDD-8EDA-ED7577134B46}.Debug|x86.ActiveCfg = Debug|Any CPU
		{D9A6BF20-C994-4DDD-8EDA-ED7577134B46}.Debug|x86.Build.0 = Debug|Any CPU
		{D9A6BF20-C994-4DDD-8EDA-ED7577134B46}.Release|Any CPU.ActiveCfg = Release|Any CPU
		{D9A6BF20-C994-4DDD-8EDA-ED7577134B46}.Release|Any CPU.Build.0 = Release|Any CPU
		{D9A6BF20-C994-4DDD-8EDA-ED7577134B46}.Release|x64.ActiveCfg = Release|Any CPU
		{D9A6BF20-C994-4DDD-8EDA-ED7577134B46}.Release|x64.Build.0 = Release|Any CPU
		{D9A6BF20-C994-4DDD-8EDA-ED7577134B46}.Release|x86.ActiveCfg = Release|Any CPU
		{D9A6BF20-C994-4DDD-8EDA-ED7577134B46}.Release|x86.Build.0 = Release|Any CPU
		{F5F19015-35BE-46CA-9E42-267D41AE0FEF}.Debug|Any CPU.ActiveCfg = Debug|Any CPU
		{F5F19015-35BE-46CA-9E42-267D41AE0FEF}.Debug|Any CPU.Build.0 = Debug|Any CPU
		{F5F19015-35BE-46CA-9E42-267D41AE0FEF}.Debug|x64.ActiveCfg = Debug|Any CPU
		{F5F19015-35BE-46CA-9E42-267D41AE0FEF}.Debug|x64.Build.0 = Debug|Any CPU
		{F5F19015-35BE-46CA-9E42-267D41AE0FEF}.Debug|x86.ActiveCfg = Debug|Any CPU
		{F5F19015-35BE-46CA-9E42-267D41AE0FEF}.Debug|x86.Build.0 = Debug|Any CPU
		{F5F19015-35BE-46CA-9E42-267D41AE0FEF}.Release|Any CPU.ActiveCfg = Release|Any CPU
		{F5F19015-35BE-46CA-9E42-267D41AE0FEF}.Release|Any CPU.Build.0 = Release|Any CPU
		{F5F19015-35BE-46CA-9E42-267D41AE0FEF}.Release|x64.ActiveCfg = Release|Any CPU
		{F5F19015-35BE-46CA-9E42-267D41AE0FEF}.Release|x64.Build.0 = Release|Any CPU
		{F5F19015-35BE-46CA-9E42-267D41AE0FEF}.Release|x86.ActiveCfg = Release|Any CPU
		{F5F19015-35BE-46CA-9E42-267D41AE0FEF}.Release|x86.Build.0 = Release|Any CPU
		{2A761464-D532-4855-A7B0-0F85E483C23F}.Debug|Any CPU.ActiveCfg = Debug|Any CPU
		{2A761464-D532-4855-A7B0-0F85E483C23F}.Debug|Any CPU.Build.0 = Debug|Any CPU
		{2A761464-D532-4855-A7B0-0F85E483C23F}.Debug|x64.ActiveCfg = Debug|Any CPU
		{2A761464-D532-4855-A7B0-0F85E483C23F}.Debug|x64.Build.0 = Debug|Any CPU
		{2A761464-D532-4855-A7B0-0F85E483C23F}.Debug|x86.ActiveCfg = Debug|Any CPU
		{2A761464-D532-4855-A7B0-0F85E483C23F}.Debug|x86.Build.0 = Debug|Any CPU
		{2A761464-D532-4855-A7B0-0F85E483C23F}.Release|Any CPU.ActiveCfg = Release|Any CPU
		{2A761464-D532-4855-A7B0-0F85E483C23F}.Release|Any CPU.Build.0 = Release|Any CPU
		{2A761464-D532-4855-A7B0-0F85E483C23F}.Release|x64.ActiveCfg = Release|Any CPU
		{2A761464-D532-4855-A7B0-0F85E483C23F}.Release|x64.Build.0 = Release|Any CPU
		{2A761464-D532-4855-A7B0-0F85E483C23F}.Release|x86.ActiveCfg = Release|Any CPU
		{2A761464-D532-4855-A7B0-0F85E483C23F}.Release|x86.Build.0 = Release|Any CPU
		{0B67D62C-4267-4E5C-88EF-744ADB34DF6F}.Debug|Any CPU.ActiveCfg = Debug|Any CPU
		{0B67D62C-4267-4E5C-88EF-744ADB34DF6F}.Debug|Any CPU.Build.0 = Debug|Any CPU
		{0B67D62C-4267-4E5C-88EF-744ADB34DF6F}.Debug|x64.ActiveCfg = Debug|Any CPU
		{0B67D62C-4267-4E5C-88EF-744ADB34DF6F}.Debug|x64.Build.0 = Debug|Any CPU
		{0B67D62C-4267-4E5C-88EF-744ADB34DF6F}.Debug|x86.ActiveCfg = Debug|Any CPU
		{0B67D62C-4267-4E5C-88EF-744ADB34DF6F}.Debug|x86.Build.0 = Debug|Any CPU
		{0B67D62C-4267-4E5C-88EF-744ADB34DF6F}.Release|Any CPU.ActiveCfg = Release|Any CPU
		{0B67D62C-4267-4E5C-88EF-744ADB34DF6F}.Release|Any CPU.Build.0 = Release|Any CPU
		{0B67D62C-4267-4E5C-88EF-744ADB34DF6F}.Release|x64.ActiveCfg = Release|Any CPU
		{0B67D62C-4267-4E5C-88EF-744ADB34DF6F}.Release|x64.Build.0 = Release|Any CPU
		{0B67D62C-4267-4E5C-88EF-744ADB34DF6F}.Release|x86.ActiveCfg = Release|Any CPU
		{0B67D62C-4267-4E5C-88EF-744ADB34DF6F}.Release|x86.Build.0 = Release|Any CPU
		{5EED59D2-0085-4314-B7D6-B3ECF3174A51}.Debug|Any CPU.ActiveCfg = Debug|Any CPU
		{5EED59D2-0085-4314-B7D6-B3ECF3174A51}.Debug|Any CPU.Build.0 = Debug|Any CPU
		{5EED59D2-0085-4314-B7D6-B3ECF3174A51}.Debug|x64.ActiveCfg = Debug|Any CPU
		{5EED59D2-0085-4314-B7D6-B3ECF3174A51}.Debug|x64.Build.0 = Debug|Any CPU
		{5EED59D2-0085-4314-B7D6-B3ECF3174A51}.Debug|x86.ActiveCfg = Debug|Any CPU
		{5EED59D2-0085-4314-B7D6-B3ECF3174A51}.Debug|x86.Build.0 = Debug|Any CPU
		{5EED59D2-0085-4314-B7D6-B3ECF3174A51}.Release|Any CPU.ActiveCfg = Release|Any CPU
		{5EED59D2-0085-4314-B7D6-B3ECF3174A51}.Release|Any CPU.Build.0 = Release|Any CPU
		{5EED59D2-0085-4314-B7D6-B3ECF3174A51}.Release|x64.ActiveCfg = Release|Any CPU
		{5EED59D2-0085-4314-B7D6-B3ECF3174A51}.Release|x64.Build.0 = Release|Any CPU
		{5EED59D2-0085-4314-B7D6-B3ECF3174A51}.Release|x86.ActiveCfg = Release|Any CPU
		{5EED59D2-0085-4314-B7D6-B3ECF3174A51}.Release|x86.Build.0 = Release|Any CPU
	EndGlobalSection
	GlobalSection(SolutionProperties) = preSolution
		HideSolutionNode = FALSE
	EndGlobalSection
	GlobalSection(NestedProjects) = preSolution
		{C298C23E-4EEC-4166-A32F-DDA62986D7E2} = {827E0CD3-B72D-47B6-A68D-7590B98EB39B}
		{1E536C95-CC90-4641-ABDD-866A8B457339} = {827E0CD3-B72D-47B6-A68D-7590B98EB39B}
		{EB98A0B9-A839-4505-96C0-62BF52A54C9D} = {827E0CD3-B72D-47B6-A68D-7590B98EB39B}
		{623F1B42-1FDC-461C-BE18-A6BB7885BA0F} = {827E0CD3-B72D-47B6-A68D-7590B98EB39B}
		{BD890B0A-2C86-483B-9A47-A1B1B5125443} = {827E0CD3-B72D-47B6-A68D-7590B98EB39B}
		{3D2811A7-A5E5-461E-8D23-377033F5DF79} = {827E0CD3-B72D-47B6-A68D-7590B98EB39B}
		{870CB188-68FA-48DA-A225-1305EA75918B} = {827E0CD3-B72D-47B6-A68D-7590B98EB39B}
		{D9A6BF20-C994-4DDD-8EDA-ED7577134B46} = {827E0CD3-B72D-47B6-A68D-7590B98EB39B}
		{F5F19015-35BE-46CA-9E42-267D41AE0FEF} = {827E0CD3-B72D-47B6-A68D-7590B98EB39B}
		{2A761464-D532-4855-A7B0-0F85E483C23F} = {827E0CD3-B72D-47B6-A68D-7590B98EB39B}
		{0B67D62C-4267-4E5C-88EF-744ADB34DF6F} = {5F8A6078-7E7E-484F-9E3D-77E0E161D799}
		{5EED59D2-0085-4314-B7D6-B3ECF3174A51} = {5F8A6078-7E7E-484F-9E3D-77E0E161D799}
	EndGlobalSection
EndGlobal
